{
  "version": 4,
  "terraform_version": "1.3.5",
  "serial": 14,
  "lineage": "8a26f388-72cb-1e7e-3b1f-e27cf6c3aaf6",
  "outputs": {
    "devops_op_trainer": {
      "value": "AtulGupta",
      "type": "string"
    },
    "object": {
      "value": [
        "key.pem",
        "key2.pem"
      ],
      "type": [
        "list",
        "string"
      ]
    }
  },
  "resources": [
    {
      "mode": "managed",
      "type": "local_file",
      "name": "devops",
      "provider": "provider[\"registry.terraform.io/hashicorp/local\"]",
      "instances": [
        {
          "schema_version": 0,
          "attributes": {
            "content": "This is content 1",
            "content_base64": null,
            "directory_permission": "0777",
            "file_permission": "0777",
            "filename": "/home/ubuntu/terraform/terraform_variable/devops-test.txt",
            "id": "67923c71681d586b706a5e6d43334f0a9270e880",
            "sensitive_content": null,
            "source": null
          },
          "sensitive_attributes": [],
          "private": "bnVsbA=="
        }
      ]
    },
    {
      "mode": "managed",
      "type": "local_file",
      "name": "devops-var",
      "provider": "provider[\"registry.terraform.io/hashicorp/local\"]",
      "instances": [
        {
          "schema_version": 0,
          "attributes": {
            "content": "This is content 2",
            "content_base64": null,
            "directory_permission": "0777",
            "file_permission": "0777",
            "filename": "/home/ubuntu/terraform/terraform_variable/devops-automated.txt",
            "id": "fd6fce3212fb22bf5e7fe0b2b67e742bf06aee74",
            "sensitive_content": null,
            "source": null
          },
          "sensitive_attributes": [],
          "private": "bnVsbA=="
        }
      ]
    }
  ],
  "check_results": null
}
