{
  "version": 4,
  "terraform_version": "1.3.5",
  "serial": 4,
  "lineage": "956fdca7-387a-7d13-5b25-c74795b95bbe",
  "outputs": {},
  "resources": [
    {
      "mode": "managed",
      "type": "local_file",
      "name": "devops",
      "provider": "provider[\"registry.terraform.io/hashicorp/local\"]",
      "instances": [
        {
          "schema_version": 0,
          "attributes": {
            "content": "Hi, I want to become a devops engineer who knows Terraform.",
            "content_base64": null,
            "directory_permission": "0777",
            "file_permission": "0777",
            "filename": "/home/ubuntu/terraform/terrform-local/devops_automated.txt",
            "id": "257d821c1ab62f20466f9a474daf2858ff863689",
            "sensitive_content": null,
            "source": null
          },
          "sensitive_attributes": [],
          "private": "bnVsbA=="
        }
      ]
    }
  ],
  "check_results": null
}
